
Microsoft Visual Studio Solution File, Format Version 12.00
# Visual Studio Version 17
VisualStudioVersion = 17.3.32819.101
MinimumVisualStudioVersion = 10.0.40219.1
Project("{9A19103F-16F7-4668-BE54-9A1E7A4F7556}") = "Sutda test", "ConsoleApp1\Sutda test.csproj", "{C942507E-5840-416A-9497-D62033D2789E}"
EndProject
Global
	GlobalSection(SolutionConfigurationPlatforms) = preSolution
		Debug|Any CPU = Debug|Any CPU
		Release|Any CPU = Release|Any CPU
	EndGlobalSection
	GlobalSection(ProjectConfigurationPlatforms) = postSolution
		{C942507E-5840-416A-9497-D62033D2789E}.Debug|Any CPU.ActiveCfg = Debug|Any CPU
		{C942507E-5840-416A-9497-D62033D2789E}.Debug|Any CPU.Build.0 = Debug|Any CPU
		{C942507E-5840-416A-9497-D62033D2789E}.Release|Any CPU.ActiveCfg = Release|Any CPU
		{C942507E-5840-416A-9497-D62033D2789E}.Release|Any CPU.Build.0 = Release|Any CPU
	EndGlobalSection
	GlobalSection(SolutionProperties) = preSolution
		HideSolutionNode = FALSE
	EndGlobalSection
	GlobalSection(ExtensibilityGlobals) = postSolution
		SolutionGuid = {AF60D1DA-ED9B-4766-B7E0-90D966A63CE5}
	EndGlobalSection
EndGlobal
