
Microsoft Visual Studio Solution File, Format Version 12.00
# Visual Studio Version 17
VisualStudioVersion = 17.3.32819.101
MinimumVisualStudioVersion = 10.0.40219.1
Project("{9A19103F-16F7-4668-BE54-9A1E7A4F7556}") = "Varialbes", "Varialbes\Varialbes.csproj", "{9D236EB1-90B4-461E-9797-F9C3DC25E0C3}"
EndProject
Project("{9A19103F-16F7-4668-BE54-9A1E7A4F7556}") = "Operators", "Operators\Operators.csproj", "{A9033D75-6A62-4C27-ABC3-2F7E31C95342}"
EndProject
Project("{9A19103F-16F7-4668-BE54-9A1E7A4F7556}") = "Methode", "Methode\Methode.csproj", "{E578A7E3-1A09-49C1-B6A0-6787C0D3E048}"
EndProject
Project("{9A19103F-16F7-4668-BE54-9A1E7A4F7556}") = "Structure", "Structure\Structure.csproj", "{90A90F80-72B5-4165-A8B4-099B502BF7B6}"
EndProject
Project("{9A19103F-16F7-4668-BE54-9A1E7A4F7556}") = "ClassObjectinstance", "ClassObjectinstance\ClassObjectinstance.csproj", "{C8CE1005-6B58-4DF7-9FE2-0D125755F97D}"
EndProject
Project("{9A19103F-16F7-4668-BE54-9A1E7A4F7556}") = "test", "test\test.csproj", "{167E5A89-F4BB-4848-9116-A2F78DC092F5}"
EndProject
Project("{9A19103F-16F7-4668-BE54-9A1E7A4F7556}") = "Statement_if", "Statemant_if\Statement_if.csproj", "{004EF8EF-F8F5-4B21-9F91-B9D56C585043}"
EndProject
Project("{9A19103F-16F7-4668-BE54-9A1E7A4F7556}") = "Statement_SwitchAndEnum", "Statement_SwitchAndEnum\Statement_SwitchAndEnum.csproj", "{5F507C6E-C202-4DF3-A55F-4998465FB53C}"
EndProject
Project("{FAE04EC0-301F-11D3-BF4B-00C04F79EFBC}") = "Statements_Loops_for", "Statements_Loops\Statements_Loops_for.csproj", "{B134362B-A1B6-4635-A1F2-6D4D9F0C6EB7}"
EndProject
Project("{FAE04EC0-301F-11D3-BF4B-00C04F79EFBC}") = "Array 1D", "Array\Array 1D.csproj", "{C5BE8F2B-6FB6-4029-B37B-AC9ED7ACEF8A}"
EndProject
Global
	GlobalSection(SolutionConfigurationPlatforms) = preSolution
		Debug|Any CPU = Debug|Any CPU
		Release|Any CPU = Release|Any CPU
	EndGlobalSection
	GlobalSection(ProjectConfigurationPlatforms) = postSolution
		{9D236EB1-90B4-461E-9797-F9C3DC25E0C3}.Debug|Any CPU.ActiveCfg = Debug|Any CPU
		{9D236EB1-90B4-461E-9797-F9C3DC25E0C3}.Debug|Any CPU.Build.0 = Debug|Any CPU
		{9D236EB1-90B4-461E-9797-F9C3DC25E0C3}.Release|Any CPU.ActiveCfg = Release|Any CPU
		{9D236EB1-90B4-461E-9797-F9C3DC25E0C3}.Release|Any CPU.Build.0 = Release|Any CPU
		{A9033D75-6A62-4C27-ABC3-2F7E31C95342}.Debug|Any CPU.ActiveCfg = Debug|Any CPU
		{A9033D75-6A62-4C27-ABC3-2F7E31C95342}.Debug|Any CPU.Build.0 = Debug|Any CPU
		{A9033D75-6A62-4C27-ABC3-2F7E31C95342}.Release|Any CPU.ActiveCfg = Release|Any CPU
		{A9033D75-6A62-4C27-ABC3-2F7E31C95342}.Release|Any CPU.Build.0 = Release|Any CPU
		{E578A7E3-1A09-49C1-B6A0-6787C0D3E048}.Debug|Any CPU.ActiveCfg = Debug|Any CPU
		{E578A7E3-1A09-49C1-B6A0-6787C0D3E048}.Debug|Any CPU.Build.0 = Debug|Any CPU
		{E578A7E3-1A09-49C1-B6A0-6787C0D3E048}.Release|Any CPU.ActiveCfg = Release|Any CPU
		{E578A7E3-1A09-49C1-B6A0-6787C0D3E048}.Release|Any CPU.Build.0 = Release|Any CPU
		{90A90F80-72B5-4165-A8B4-099B502BF7B6}.Debug|Any CPU.ActiveCfg = Debug|Any CPU
		{90A90F80-72B5-4165-A8B4-099B502BF7B6}.Debug|Any CPU.Build.0 = Debug|Any CPU
		{90A90F80-72B5-4165-A8B4-099B502BF7B6}.Release|Any CPU.ActiveCfg = Release|Any CPU
		{90A90F80-72B5-4165-A8B4-099B502BF7B6}.Release|Any CPU.Build.0 = Release|Any CPU
		{C8CE1005-6B58-4DF7-9FE2-0D125755F97D}.Debug|Any CPU.ActiveCfg = Debug|Any CPU
		{C8CE1005-6B58-4DF7-9FE2-0D125755F97D}.Debug|Any CPU.Build.0 = Debug|Any CPU
		{C8CE1005-6B58-4DF7-9FE2-0D125755F97D}.Release|Any CPU.ActiveCfg = Release|Any CPU
		{C8CE1005-6B58-4DF7-9FE2-0D125755F97D}.Release|Any CPU.Build.0 = Release|Any CPU
		{167E5A89-F4BB-4848-9116-A2F78DC092F5}.Debug|Any CPU.ActiveCfg = Debug|Any CPU
		{167E5A89-F4BB-4848-9116-A2F78DC092F5}.Debug|Any CPU.Build.0 = Debug|Any CPU
		{167E5A89-F4BB-4848-9116-A2F78DC092F5}.Release|Any CPU.ActiveCfg = Release|Any CPU
		{167E5A89-F4BB-4848-9116-A2F78DC092F5}.Release|Any CPU.Build.0 = Release|Any CPU
		{004EF8EF-F8F5-4B21-9F91-B9D56C585043}.Debug|Any CPU.ActiveCfg = Debug|Any CPU
		{004EF8EF-F8F5-4B21-9F91-B9D56C585043}.Debug|Any CPU.Build.0 = Debug|Any CPU
		{004EF8EF-F8F5-4B21-9F91-B9D56C585043}.Release|Any CPU.ActiveCfg = Release|Any CPU
		{004EF8EF-F8F5-4B21-9F91-B9D56C585043}.Release|Any CPU.Build.0 = Release|Any CPU
		{5F507C6E-C202-4DF3-A55F-4998465FB53C}.Debug|Any CPU.ActiveCfg = Debug|Any CPU
		{5F507C6E-C202-4DF3-A55F-4998465FB53C}.Debug|Any CPU.Build.0 = Debug|Any CPU
		{5F507C6E-C202-4DF3-A55F-4998465FB53C}.Release|Any CPU.ActiveCfg = Release|Any CPU
		{5F507C6E-C202-4DF3-A55F-4998465FB53C}.Release|Any CPU.Build.0 = Release|Any CPU
		{B134362B-A1B6-4635-A1F2-6D4D9F0C6EB7}.Debug|Any CPU.ActiveCfg = Debug|Any CPU
		{B134362B-A1B6-4635-A1F2-6D4D9F0C6EB7}.Debug|Any CPU.Build.0 = Debug|Any CPU
		{B134362B-A1B6-4635-A1F2-6D4D9F0C6EB7}.Release|Any CPU.ActiveCfg = Release|Any CPU
		{B134362B-A1B6-4635-A1F2-6D4D9F0C6EB7}.Release|Any CPU.Build.0 = Release|Any CPU
		{C5BE8F2B-6FB6-4029-B37B-AC9ED7ACEF8A}.Debug|Any CPU.ActiveCfg = Debug|Any CPU
		{C5BE8F2B-6FB6-4029-B37B-AC9ED7ACEF8A}.Debug|Any CPU.Build.0 = Debug|Any CPU
		{C5BE8F2B-6FB6-4029-B37B-AC9ED7ACEF8A}.Release|Any CPU.ActiveCfg = Release|Any CPU
		{C5BE8F2B-6FB6-4029-B37B-AC9ED7ACEF8A}.Release|Any CPU.Build.0 = Release|Any CPU
	EndGlobalSection
	GlobalSection(SolutionProperties) = preSolution
		HideSolutionNode = FALSE
	EndGlobalSection
	GlobalSection(ExtensibilityGlobals) = postSolution
		SolutionGuid = {EB67D1EC-7A3D-4A32-9F60-9A92DAC00ABE}
	EndGlobalSection
EndGlobal
